// !$*UTF8*$!
{
	archiveVersion = 1;
	classes = {
	};
	objectVersion = 50;
	objects = {

/* Begin PBXBuildFile section */
		7F67811F23405195002A02F2 /* AppDelegate.swift in Sources */ = {isa = PBXBuildFile; fileRef = 7F67811E23405195002A02F2 /* AppDelegate.swift */; };
		7F67812323405195002A02F2 /* ViewController.swift in Sources */ = {isa = PBXBuildFile; fileRef = 7F67812223405195002A02F2 /* ViewController.swift */; };
		7F67812623405195002A02F2 /* Main.storyboard in Resources */ = {isa = PBXBuildFile; fileRef = 7F67812423405195002A02F2 /* Main.storyboard */; };
		7F67812823405196002A02F2 /* Assets.xcassets in Resources */ = {isa = PBXBuildFile; fileRef = 7F67812723405196002A02F2 /* Assets.xcassets */; };
		7F67812B23405196002A02F2 /* LaunchScreen.storyboard in Resources */ = {isa = PBXBuildFile; fileRef = 7F67812923405196002A02F2 /* LaunchScreen.storyboard */; };
		7F9738E22341EFDD0058C202 /* TFLiteExtension.swift in Sources */ = {isa = PBXBuildFile; fileRef = 7F9738E12341EFDD0058C202 /* TFLiteExtension.swift */; };
		7F9738E72343CE9F0058C202 /* UIKitExtension.swift in Sources */ = {isa = PBXBuildFile; fileRef = 7F9738E62343CE9F0058C202 /* UIKitExtension.swift */; };
		82A6E92865C46CB5EF42C8B7 /* Pods_PhotoRater.framework in Frameworks */ = {isa = PBXBuildFile; fileRef = 1C768AA734236E8484771C02 /* Pods_PhotoRater.framework */; };
		9A5A7CF72503D14E0047C41C /* PhotoRater.swift in Sources */ = {isa = PBXBuildFile; fileRef = 9A5A7CF62503D14E0047C41C /* PhotoRater.swift */; };
		9A5A7CF92504D33F0047C41C /* predict.tflite in Resources */ = {isa = PBXBuildFile; fileRef = 9A5A7CF82504D33F0047C41C /* predict.tflite */; };
/* End PBXBuildFile section */

/* Begin PBXFileReference section */
		1C768AA734236E8484771C02 /* Pods_PhotoRater.framework */ = {isa = PBXFileReference; explicitFileType = wrapper.framework; includeInIndex = 0; path = Pods_PhotoRater.framework; sourceTree = BUILT_PRODUCTS_DIR; };
		34D15B4AF5E321DE942C36AA /* Pods-PhotoRater.debug.xcconfig */ = {isa = PBXFileReference; includeInIndex = 1; lastKnownFileType = text.xcconfig; name = "Pods-PhotoRater.debug.xcconfig"; path = "Target Support Files/Pods-PhotoRater/Pods-PhotoRater.debug.xcconfig"; sourceTree = "<group>"; };
		7F67811B23405195002A02F2 /* PhotoRater.app */ = {isa = PBXFileReference; explicitFileType = wrapper.application; includeInIndex = 0; path = PhotoRater.app; sourceTree = BUILT_PRODUCTS_DIR; };
		7F67811E23405195002A02F2 /* AppDelegate.swift */ = {isa = PBXFileReference; lastKnownFileType = sourcecode.swift; path = AppDelegate.swift; sourceTree = "<group>"; };
		7F67812223405195002A02F2 /* ViewController.swift */ = {isa = PBXFileReference; lastKnownFileType = sourcecode.swift; path = ViewController.swift; sourceTree = "<group>"; };
		7F67812523405195002A02F2 /* Base */ = {isa = PBXFileReference; lastKnownFileType = file.storyboard; name = Base; path = Base.lproj/Main.storyboard; sourceTree = "<group>"; };
		7F67812723405196002A02F2 /* Assets.xcassets */ = {isa = PBXFileReference; lastKnownFileType = folder.assetcatalog; path = Assets.xcassets; sourceTree = "<group>"; };
		7F67812A23405196002A02F2 /* Base */ = {isa = PBXFileReference; lastKnownFileType = file.storyboard; name = Base; path = Base.lproj/LaunchScreen.storyboard; sourceTree = "<group>"; };
		7F67812C23405196002A02F2 /* Info.plist */ = {isa = PBXFileReference; lastKnownFileType = text.plist.xml; path = Info.plist; sourceTree = "<group>"; };
		7F9738E12341EFDD0058C202 /* TFLiteExtension.swift */ = {isa = PBXFileReference; lastKnownFileType = sourcecode.swift; path = TFLiteExtension.swift; sourceTree = "<group>"; };
		7F9738E62343CE9F0058C202 /* UIKitExtension.swift */ = {isa = PBXFileReference; lastKnownFileType = sourcecode.swift; path = UIKitExtension.swift; sourceTree = "<group>"; };
		807D05B195DB78D4A5F2CFFA /* Pods-PhotoRater.release.xcconfig */ = {isa = PBXFileReference; includeInIndex = 1; lastKnownFileType = text.xcconfig; name = "Pods-PhotoRater.release.xcconfig"; path = "Target Support Files/Pods-PhotoRater/Pods-PhotoRater.release.xcconfig"; sourceTree = "<group>"; };
		9A5A7CF62503D14E0047C41C /* PhotoRater.swift */ = {isa = PBXFileReference; lastKnownFileType = sourcecode.swift; path = PhotoRater.swift; sourceTree = "<group>"; };
		9A5A7CF82504D33F0047C41C /* predict.tflite */ = {isa = PBXFileReference; lastKnownFileType = file; path = predict.tflite; sourceTree = "<group>"; };
/* End PBXFileReference section */

/* Begin PBXFrameworksBuildPhase section */
		7F67811823405195002A02F2 /* Frameworks */ = {
			isa = PBXFrameworksBuildPhase;
			buildActionMask = 2147483647;
			files = (
				82A6E92865C46CB5EF42C8B7 /* Pods_PhotoRater.framework in Frameworks */,
			);
			runOnlyForDeploymentPostprocessing = 0;
		};
/* End PBXFrameworksBuildPhase section */

/* Begin PBXGroup section */
		1DAC589ACB74557821836C98 /* Frameworks */ = {
			isa = PBXGroup;
			children = (
				1C768AA734236E8484771C02 /* Pods_PhotoRater.framework */,
			);
			name = Frameworks;
			sourceTree = "<group>";
		};
		7F67811223405195002A02F2 = {
			isa = PBXGroup;
			children = (
				7F67811D23405195002A02F2 /* PhotoRater */,
				7F67811C23405195002A02F2 /* Products */,
				AB21E30E2A763328F8A613FD /* Pods */,
				1DAC589ACB74557821836C98 /* Frameworks */,
			);
			sourceTree = "<group>";
		};
		7F67811C23405195002A02F2 /* Products */ = {
			isa = PBXGroup;
			children = (
				7F67811B23405195002A02F2 /* PhotoRater.app */,
			);
			name = Products;
			sourceTree = "<group>";
		};
		7F67811D23405195002A02F2 /* PhotoRater */ = {
			isa = PBXGroup;
			children = (
				9A5A7CF62503D14E0047C41C /* PhotoRater.swift */,
				7F67811E23405195002A02F2 /* AppDelegate.swift */,
				7F67812223405195002A02F2 /* ViewController.swift */,
				7F9738E12341EFDD0058C202 /* TFLiteExtension.swift */,
				7F9738E62343CE9F0058C202 /* UIKitExtension.swift */,
				7F9738E823448E750058C202 /* model */,
				7F67812423405195002A02F2 /* Main.storyboard */,
				7F67812723405196002A02F2 /* Assets.xcassets */,
				7F67812923405196002A02F2 /* LaunchScreen.storyboard */,
				7F67812C23405196002A02F2 /* Info.plist */,
			);
			path = PhotoRater;
			sourceTree = "<group>";
		};
		7F9738E823448E750058C202 /* model */ = {
			isa = PBXGroup;
			children = (
				9A5A7CF82504D33F0047C41C /* predict.tflite */,
			);
			path = model;
			sourceTree = "<group>";
		};
		AB21E30E2A763328F8A613FD /* Pods */ = {
			isa = PBXGroup;
			children = (
				34D15B4AF5E321DE942C36AA /* Pods-PhotoRater.debug.xcconfig */,
				807D05B195DB78D4A5F2CFFA /* Pods-PhotoRater.release.xcconfig */,
			);
			path = Pods;
			sourceTree = "<group>";
		};
/* End PBXGroup section */

/* Begin PBXNativeTarget section */
		7F67811A23405195002A02F2 /* PhotoRater */ = {
			isa = PBXNativeTarget;
			buildConfigurationList = 7F67812F23405196002A02F2 /* Build configuration list for PBXNativeTarget "PhotoRater" */;
			buildPhases = (
				3A91038A45164EA779F84241 /* [CP] Check Pods Manifest.lock */,
				7F67811723405195002A02F2 /* Sources */,
				7F67811823405195002A02F2 /* Frameworks */,
				7F67811923405195002A02F2 /* Resources */,
			);
			buildRules = (
			);
			dependencies = (
			);
			name = PhotoRater;
			productName = StyleTransfer;
			productReference = 7F67811B23405195002A02F2 /* PhotoRater.app */;
			productType = "com.apple.product-type.application";
		};
/* End PBXNativeTarget section */

/* Begin PBXProject section */
		7F67811323405195002A02F2 /* Project object */ = {
			isa = PBXProject;
			attributes = {
				LastSwiftUpdateCheck = 1100;
				LastUpgradeCheck = 1100;
				ORGANIZATIONNAME = "TensorFlow Authors";
				TargetAttributes = {
					7F67811A23405195002A02F2 = {
						CreatedOnToolsVersion = 11.0;
						LastSwiftMigration = 1140;
					};
				};
			};
			buildConfigurationList = 7F67811623405195002A02F2 /* Build configuration list for PBXProject "PhotoRater" */;
			compatibilityVersion = "Xcode 9.3";
			developmentRegion = en;
			hasScannedForEncodings = 0;
			knownRegions = (
				en,
				Base,
			);
			mainGroup = 7F67811223405195002A02F2;
			productRefGroup = 7F67811C23405195002A02F2 /* Products */;
			projectDirPath = "";
			projectRoot = "";
			targets = (
				7F67811A23405195002A02F2 /* PhotoRater */,
			);
		};
/* End PBXProject section */

/* Begin PBXResourcesBuildPhase section */
		7F67811923405195002A02F2 /* Resources */ = {
			isa = PBXResourcesBuildPhase;
			buildActionMask = 2147483647;
			files = (
				7F67812B23405196002A02F2 /* LaunchScreen.storyboard in Resources */,
				7F67812823405196002A02F2 /* Assets.xcassets in Resources */,
				7F67812623405195002A02F2 /* Main.storyboard in Resources */,
				9A5A7CF92504D33F0047C41C /* predict.tflite in Resources */,
			);
			runOnlyForDeploymentPostprocessing = 0;
		};
/* End PBXResourcesBuildPhase section */

/* Begin PBXShellScriptBuildPhase section */
		3A91038A45164EA779F84241 /* [CP] Check Pods Manifest.lock */ = {
			isa = PBXShellScriptBuildPhase;
			buildActionMask = 2147483647;
			files = (
			);
			inputFileListPaths = (
			);
			inputPaths = (
				"${PODS_PODFILE_DIR_PATH}/Podfile.lock",
				"${PODS_ROOT}/Manifest.lock",
			);
			name = "[CP] Check Pods Manifest.lock";
			outputFileListPaths = (
			);
			outputPaths = (
				"$(DERIVED_FILE_DIR)/Pods-PhotoRater-checkManifestLockResult.txt",
			);
			runOnlyForDeploymentPostprocessing = 0;
			shellPath = /bin/sh;
			shellScript = "diff \"${PODS_PODFILE_DIR_PATH}/Podfile.lock\" \"${PODS_ROOT}/Manifest.lock\" > /dev/null\nif [ $? != 0 ] ; then\n    # print error to STDERR\n    echo \"error: The sandbox is not in sync with the Podfile.lock. Run 'pod install' or update your CocoaPods installation.\" >&2\n    exit 1\nfi\n# This output is used by Xcode 'outputs' to avoid re-running this script phase.\necho \"SUCCESS\" > \"${SCRIPT_OUTPUT_FILE_0}\"\n";
			showEnvVarsInLog = 0;
		};
/* End PBXShellScriptBuildPhase section */

/* Begin PBXSourcesBuildPhase section */
		7F67811723405195002A02F2 /* Sources */ = {
			isa = PBXSourcesBuildPhase;
			buildActionMask = 2147483647;
			files = (
				7F67812323405195002A02F2 /* ViewController.swift in Sources */,
				7F9738E22341EFDD0058C202 /* TFLiteExtension.swift in Sources */,
				7F9738E72343CE9F0058C202 /* UIKitExtension.swift in Sources */,
				7F67811F23405195002A02F2 /* AppDelegate.swift in Sources */,
				9A5A7CF72503D14E0047C41C /* PhotoRater.swift in Sources */,
			);
			runOnlyForDeploymentPostprocessing = 0;
		};
/* End PBXSourcesBuildPhase section */

/* Begin PBXVariantGroup section */
		7F67812423405195002A02F2 /* Main.storyboard */ = {
			isa = PBXVariantGroup;
			children = (
				7F67812523405195002A02F2 /* Base */,
			);
			name = Main.storyboard;
			sourceTree = "<group>";
		};
		7F67812923405196002A02F2 /* LaunchScreen.storyboard */ = {
			isa = PBXVariantGroup;
			children = (
				7F67812A23405196002A02F2 /* Base */,
			);
			name = LaunchScreen.storyboard;
			sourceTree = "<group>";
		};
/* End PBXVariantGroup section */

/* Begin XCBuildConfiguration section */
		7F67812D23405196002A02F2 /* Debug */ = {
			isa = XCBuildConfiguration;
			buildSettings = {
				ALWAYS_SEARCH_USER_PATHS = NO;
				CLANG_ANALYZER_NONNULL = YES;
				CLANG_ANALYZER_NUMBER_OBJECT_CONVERSION = YES_AGGRESSIVE;
				CLANG_CXX_LANGUAGE_STANDARD = "gnu++14";
				CLANG_CXX_LIBRARY = "libc++";
				CLANG_ENABLE_MODULES = YES;
				CLANG_ENABLE_OBJC_ARC = YES;
				CLANG_ENABLE_OBJC_WEAK = YES;
				CLANG_WARN_BLOCK_CAPTURE_AUTORELEASING = YES;
				CLANG_WARN_BOOL_CONVERSION = YES;
				CLANG_WARN_COMMA = YES;
				CLANG_WARN_CONSTANT_CONVERSION = YES;
				CLANG_WARN_DEPRECATED_OBJC_IMPLEMENTATIONS = YES;
				CLANG_WARN_DIRECT_OBJC_ISA_USAGE = YES_ERROR;
				CLANG_WARN_DOCUMENTATION_COMMENTS = YES;
				CLANG_WARN_EMPTY_BODY = YES;
				CLANG_WARN_ENUM_CONVERSION = YES;
				CLANG_WARN_INFINITE_RECURSION = YES;
				CLANG_WARN_INT_CONVERSION = YES;
				CLANG_WARN_NON_LITERAL_NULL_CONVERSION = YES;
				CLANG_WARN_OBJC_IMPLICIT_RETAIN_SELF = YES;
				CLANG_WARN_OBJC_LITERAL_CONVERSION = YES;
				CLANG_WARN_OBJC_ROOT_CLASS = YES_ERROR;
				CLANG_WARN_RANGE_LOOP_ANALYSIS = YES;
				CLANG_WARN_STRICT_PROTOTYPES = YES;
				CLANG_WARN_SUSPICIOUS_MOVE = YES;
				CLANG_WARN_UNGUARDED_AVAILABILITY = YES_AGGRESSIVE;
				CLANG_WARN_UNREACHABLE_CODE = YES;
				CLANG_WARN__DUPLICATE_METHOD_MATCH = YES;
				COPY_PHASE_STRIP = NO;
				DEBUG_INFORMATION_FORMAT = dwarf;
				ENABLE_STRICT_OBJC_MSGSEND = YES;
				ENABLE_TESTABILITY = YES;
				GCC_C_LANGUAGE_STANDARD = gnu11;
				GCC_DYNAMIC_NO_PIC = NO;
				GCC_NO_COMMON_BLOCKS = YES;
				GCC_OPTIMIZATION_LEVEL = 0;
				GCC_PREPROCESSOR_DEFINITIONS = (
					"DEBUG=1",
					"$(inherited)",
				);
				GCC_WARN_64_TO_32_BIT_CONVERSION = YES;
				GCC_WARN_ABOUT_RETURN_TYPE = YES_ERROR;
				GCC_WARN_UNDECLARED_SELECTOR = YES;
				GCC_WARN_UNINITIALIZED_AUTOS = YES_AGGRESSIVE;
				GCC_WARN_UNUSED_FUNCTION = YES;
				GCC_WARN_UNUSED_VARIABLE = YES;
				IPHONEOS_DEPLOYMENT_TARGET = 10.0;
				MTL_ENABLE_DEBUG_INFO = INCLUDE_SOURCE;
				MTL_FAST_MATH = YES;
				ONLY_ACTIVE_ARCH = YES;
				SDKROOT = iphoneos;
				SWIFT_ACTIVE_COMPILATION_CONDITIONS = DEBUG;
				SWIFT_OPTIMIZATION_LEVEL = "-Onone";
			};
			name = Debug;
		};
		7F67812E23405196002A02F2 /* Release */ = {
			isa = XCBuildConfiguration;
			buildSettings = {
				ALWAYS_SEARCH_USER_PATHS = NO;
				CLANG_ANALYZER_NONNULL = YES;
				CLANG_ANALYZER_NUMBER_OBJECT_CONVERSION = YES_AGGRESSIVE;
				CLANG_CXX_LANGUAGE_STANDARD = "gnu++14";
				CLANG_CXX_LIBRARY = "libc++";
				CLANG_ENABLE_MODULES = YES;
				CLANG_ENABLE_OBJC_ARC = YES;
				CLANG_ENABLE_OBJC_WEAK = YES;
				CLANG_WARN_BLOCK_CAPTURE_AUTORELEASING = YES;
				CLANG_WARN_BOOL_CONVERSION = YES;
				CLANG_WARN_COMMA = YES;
				CLANG_WARN_CONSTANT_CONVERSION = YES;
				CLANG_WARN_DEPRECATED_OBJC_IMPLEMENTATIONS = YES;
				CLANG_WARN_DIRECT_OBJC_ISA_USAGE = YES_ERROR;
				CLANG_WARN_DOCUMENTATION_COMMENTS = YES;
				CLANG_WARN_EMPTY_BODY = YES;
				CLANG_WARN_ENUM_CONVERSION = YES;
				CLANG_WARN_INFINITE_RECURSION = YES;
				CLANG_WARN_INT_CONVERSION = YES;
				CLANG_WARN_NON_LITERAL_NULL_CONVERSION = YES;
				CLANG_WARN_OBJC_IMPLICIT_RETAIN_SELF = YES;
				CLANG_WARN_OBJC_LITERAL_CONVERSION = YES;
				CLANG_WARN_OBJC_ROOT_CLASS = YES_ERROR;
				CLANG_WARN_RANGE_LOOP_ANALYSIS = YES;
				CLANG_WARN_STRICT_PROTOTYPES = YES;
				CLANG_WARN_SUSPICIOUS_MOVE = YES;
				CLANG_WARN_UNGUARDED_AVAILABILITY = YES_AGGRESSIVE;
				CLANG_WARN_UNREACHABLE_CODE = YES;
				CLANG_WARN__DUPLICATE_METHOD_MATCH = YES;
				COPY_PHASE_STRIP = NO;
				DEBUG_INFORMATION_FORMAT = "dwarf-with-dsym";
				ENABLE_NS_ASSERTIONS = NO;
				ENABLE_STRICT_OBJC_MSGSEND = YES;
				GCC_C_LANGUAGE_STANDARD = gnu11;
				GCC_NO_COMMON_BLOCKS = YES;
				GCC_OPTIMIZATION_LEVEL = s;
				GCC_WARN_64_TO_32_BIT_CONVERSION = YES;
				GCC_WARN_ABOUT_RETURN_TYPE = YES_ERROR;
				GCC_WARN_UNDECLARED_SELECTOR = YES;
				GCC_WARN_UNINITIALIZED_AUTOS = YES_AGGRESSIVE;
				GCC_WARN_UNUSED_FUNCTION = YES;
				GCC_WARN_UNUSED_VARIABLE = YES;
				IPHONEOS_DEPLOYMENT_TARGET = 10.0;
				MTL_ENABLE_DEBUG_INFO = NO;
				MTL_FAST_MATH = YES;
				SDKROOT = iphoneos;
				SWIFT_COMPILATION_MODE = wholemodule;
				SWIFT_OPTIMIZATION_LEVEL = "-O";
				VALIDATE_PRODUCT = YES;
			};
			name = Release;
		};
		7F67813023405196002A02F2 /* Debug */ = {
			isa = XCBuildConfiguration;
			baseConfigurationReference = 34D15B4AF5E321DE942C36AA /* Pods-PhotoRater.debug.xcconfig */;
			buildSettings = {
				ASSETCATALOG_COMPILER_APPICON_NAME = AppIcon;
				CLANG_ENABLE_MODULES = YES;
				CODE_SIGN_IDENTITY = "iPhone Developer";
				CODE_SIGN_STYLE = Manual;
				DEVELOPMENT_TEAM = EQHXZ8M8AV;
				INFOPLIST_FILE = PhotoRater/Info.plist;
				IPHONEOS_DEPLOYMENT_TARGET = 10.0;
				LD_RUNPATH_SEARCH_PATHS = (
					"$(inherited)",
					"@executable_path/Frameworks",
				);
				PRODUCT_BUNDLE_IDENTIFIER = "Hugo-Chen";
				PRODUCT_NAME = PhotoRater;
				PROVISIONING_PROFILE_SPECIFIER = Placeholder;
				SWIFT_INSTALL_OBJC_HEADER = NO;
				SWIFT_OBJC_BRIDGING_HEADER = "";
				SWIFT_OPTIMIZATION_LEVEL = "-Onone";
				SWIFT_VERSION = 5.0;
				TARGETED_DEVICE_FAMILY = "1,2";
			};
			name = Debug;
		};
		7F67813123405196002A02F2 /* Release */ = {
			isa = XCBuildConfiguration;
			baseConfigurationReference = 807D05B195DB78D4A5F2CFFA /* Pods-PhotoRater.release.xcconfig */;
			buildSettings = {
				ASSETCATALOG_COMPILER_APPICON_NAME = AppIcon;
				CLANG_ENABLE_MODULES = YES;
				CODE_SIGN_IDENTITY = "iPhone Developer";
				CODE_SIGN_STYLE = Manual;
				DEVELOPMENT_TEAM = EQHXZ8M8AV;
				INFOPLIST_FILE = PhotoRater/Info.plist;
				IPHONEOS_DEPLOYMENT_TARGET = 10.0;
				LD_RUNPATH_SEARCH_PATHS = (
					"$(inherited)",
					"@executable_path/Frameworks",
				);
				PRODUCT_BUNDLE_IDENTIFIER = "Hugo-Chen";
				PRODUCT_NAME = PhotoRater;
				PROVISIONING_PROFILE_SPECIFIER = Placeholder;
				SWIFT_INSTALL_OBJC_HEADER = NO;
				SWIFT_OBJC_BRIDGING_HEADER = "";
				SWIFT_VERSION = 5.0;
				TARGETED_DEVICE_FAMILY = "1,2";
			};
			name = Release;
		};
/* End XCBuildConfiguration section */

/* Begin XCConfigurationList section */
		7F67811623405195002A02F2 /* Build configuration list for PBXProject "PhotoRater" */ = {
			isa = XCConfigurationList;
			buildConfigurations = (
				7F67812D23405196002A02F2 /* Debug */,
				7F67812E23405196002A02F2 /* Release */,
			);
			defaultConfigurationIsVisible = 0;
			defaultConfigurationName = Release;
		};
		7F67812F23405196002A02F2 /* Build configuration list for PBXNativeTarget "PhotoRater" */ = {
			isa = XCConfigurationList;
			buildConfigurations = (
				7F67813023405196002A02F2 /* Debug */,
				7F67813123405196002A02F2 /* Release */,
			);
			defaultConfigurationIsVisible = 0;
			defaultConfigurationName = Release;
		};
/* End XCConfigurationList section */
	};
	rootObject = 7F67811323405195002A02F2 /* Project object */;
}
